
Microsoft Visual Studio Solution File, Format Version 11.00
# Visual Studio 2010
Project("{FAE04EC0-301F-11D3-BF4B-00C04F79EFBC}") = "TerminalUy", "TerminalUy\TerminalUy.csproj", "{C57BA319-ED64-4DD7-BF58-165B19459975}"
EndProject
Project("{FAE04EC0-301F-11D3-BF4B-00C04F79EFBC}") = "EntidadesCompartidas", "EntidadesCompartidas\EntidadesCompartidas.csproj", "{891871AA-EFE6-4919-B957-E1EF206FFA4F}"
EndProject
Project("{FAE04EC0-301F-11D3-BF4B-00C04F79EFBC}") = "Persistencia", "Persistencia\Persistencia.csproj", "{C314C430-27A2-4E8A-A2D3-6E2A802E907F}"
EndProject
Project("{FAE04EC0-301F-11D3-BF4B-00C04F79EFBC}") = "Logica", "Logica\Logica.csproj", "{DE68CA33-7B6F-41C0-99D6-B92E341C388A}"
EndProject
Global
	GlobalSection(SolutionConfigurationPlatforms) = preSolution
		Debug|Any CPU = Debug|Any CPU
		Release|Any CPU = Release|Any CPU
	EndGlobalSection
	GlobalSection(ProjectConfigurationPlatforms) = postSolution
		{C57BA319-ED64-4DD7-BF58-165B19459975}.Debug|Any CPU.ActiveCfg = Debug|Any CPU
		{C57BA319-ED64-4DD7-BF58-165B19459975}.Debug|Any CPU.Build.0 = Debug|Any CPU
		{C57BA319-ED64-4DD7-BF58-165B19459975}.Release|Any CPU.ActiveCfg = Release|Any CPU
		{C57BA319-ED64-4DD7-BF58-165B19459975}.Release|Any CPU.Build.0 = Release|Any CPU
		{891871AA-EFE6-4919-B957-E1EF206FFA4F}.Debug|Any CPU.ActiveCfg = Debug|Any CPU
		{891871AA-EFE6-4919-B957-E1EF206FFA4F}.Debug|Any CPU.Build.0 = Debug|Any CPU
		{891871AA-EFE6-4919-B957-E1EF206FFA4F}.Release|Any CPU.ActiveCfg = Release|Any CPU
		{891871AA-EFE6-4919-B957-E1EF206FFA4F}.Release|Any CPU.Build.0 = Release|Any CPU
		{C314C430-27A2-4E8A-A2D3-6E2A802E907F}.Debug|Any CPU.ActiveCfg = Debug|Any CPU
		{C314C430-27A2-4E8A-A2D3-6E2A802E907F}.Debug|Any CPU.Build.0 = Debug|Any CPU
		{C314C430-27A2-4E8A-A2D3-6E2A802E907F}.Release|Any CPU.ActiveCfg = Release|Any CPU
		{C314C430-27A2-4E8A-A2D3-6E2A802E907F}.Release|Any CPU.Build.0 = Release|Any CPU
		{DE68CA33-7B6F-41C0-99D6-B92E341C388A}.Debug|Any CPU.ActiveCfg = Debug|Any CPU
		{DE68CA33-7B6F-41C0-99D6-B92E341C388A}.Debug|Any CPU.Build.0 = Debug|Any CPU
		{DE68CA33-7B6F-41C0-99D6-B92E341C388A}.Release|Any CPU.ActiveCfg = Release|Any CPU
		{DE68CA33-7B6F-41C0-99D6-B92E341C388A}.Release|Any CPU.Build.0 = Release|Any CPU
	EndGlobalSection
	GlobalSection(SolutionProperties) = preSolution
		HideSolutionNode = FALSE
	EndGlobalSection
EndGlobal
