
Microsoft Visual Studio Solution File, Format Version 11.00
# Visual Studio 2010
Project("{FAE04EC0-301F-11D3-BF4B-00C04F79EFBC}") = "EntidadesCompartidas", "EntidadesCompartidas\EntidadesCompartidas.csproj", "{891871AA-EFE6-4919-B957-E1EF206FFA4F}"
EndProject
Project("{FAE04EC0-301F-11D3-BF4B-00C04F79EFBC}") = "Persistencia", "Persistencia\Persistencia.csproj", "{C314C430-27A2-4E8A-A2D3-6E2A802E907F}"
EndProject
Project("{FAE04EC0-301F-11D3-BF4B-00C04F79EFBC}") = "Logica", "Logica\Logica.csproj", "{DE68CA33-7B6F-41C0-99D6-B92E341C388A}"
EndProject
Project("{E24C65DC-7377-472B-9ABA-BC803B73C61A}") = "sitio", "sitio\", "{C29A6C48-B189-4E5F-B8F8-BD5125E6F4BB}"
	ProjectSection(WebsiteProperties) = preProject
		TargetFrameworkMoniker = ".NETFramework,Version%3Dv4.0"
		Debug.AspNetCompiler.VirtualPath = "/sitio"
		Debug.AspNetCompiler.PhysicalPath = "sitio\"
		Debug.AspNetCompiler.TargetPath = "PrecompiledWeb\sitio\"
		Debug.AspNetCompiler.Updateable = "true"
		Debug.AspNetCompiler.ForceOverwrite = "true"
		Debug.AspNetCompiler.FixedNames = "false"
		Debug.AspNetCompiler.Debug = "True"
		Release.AspNetCompiler.VirtualPath = "/sitio"
		Release.AspNetCompiler.PhysicalPath = "sitio\"
		Release.AspNetCompiler.TargetPath = "PrecompiledWeb\sitio\"
		Release.AspNetCompiler.Updateable = "true"
		Release.AspNetCompiler.ForceOverwrite = "true"
		Release.AspNetCompiler.FixedNames = "false"
		Release.AspNetCompiler.Debug = "False"
		VWDPort = "4841"
		DefaultWebSiteLanguage = "Visual Basic"
	EndProjectSection
EndProject
Global
	GlobalSection(SolutionConfigurationPlatforms) = preSolution
		Debug|Any CPU = Debug|Any CPU
		Release|Any CPU = Release|Any CPU
	EndGlobalSection
	GlobalSection(ProjectConfigurationPlatforms) = postSolution
		{891871AA-EFE6-4919-B957-E1EF206FFA4F}.Debug|Any CPU.ActiveCfg = Debug|Any CPU
		{891871AA-EFE6-4919-B957-E1EF206FFA4F}.Debug|Any CPU.Build.0 = Debug|Any CPU
		{891871AA-EFE6-4919-B957-E1EF206FFA4F}.Release|Any CPU.ActiveCfg = Release|Any CPU
		{891871AA-EFE6-4919-B957-E1EF206FFA4F}.Release|Any CPU.Build.0 = Release|Any CPU
		{C314C430-27A2-4E8A-A2D3-6E2A802E907F}.Debug|Any CPU.ActiveCfg = Debug|Any CPU
		{C314C430-27A2-4E8A-A2D3-6E2A802E907F}.Debug|Any CPU.Build.0 = Debug|Any CPU
		{C314C430-27A2-4E8A-A2D3-6E2A802E907F}.Release|Any CPU.ActiveCfg = Release|Any CPU
		{C314C430-27A2-4E8A-A2D3-6E2A802E907F}.Release|Any CPU.Build.0 = Release|Any CPU
		{DE68CA33-7B6F-41C0-99D6-B92E341C388A}.Debug|Any CPU.ActiveCfg = Debug|Any CPU
		{DE68CA33-7B6F-41C0-99D6-B92E341C388A}.Debug|Any CPU.Build.0 = Debug|Any CPU
		{DE68CA33-7B6F-41C0-99D6-B92E341C388A}.Release|Any CPU.ActiveCfg = Release|Any CPU
		{DE68CA33-7B6F-41C0-99D6-B92E341C388A}.Release|Any CPU.Build.0 = Release|Any CPU
		{C29A6C48-B189-4E5F-B8F8-BD5125E6F4BB}.Debug|Any CPU.ActiveCfg = Debug|Any CPU
		{C29A6C48-B189-4E5F-B8F8-BD5125E6F4BB}.Debug|Any CPU.Build.0 = Debug|Any CPU
		{C29A6C48-B189-4E5F-B8F8-BD5125E6F4BB}.Release|Any CPU.ActiveCfg = Debug|Any CPU
		{C29A6C48-B189-4E5F-B8F8-BD5125E6F4BB}.Release|Any CPU.Build.0 = Debug|Any CPU
	EndGlobalSection
	GlobalSection(SolutionProperties) = preSolution
		HideSolutionNode = FALSE
	EndGlobalSection
EndGlobal
